// !$*UTF8*$!
{
	archiveVersion = 1;
	classes = {
	};
	objectVersion = 56;
	objects = {

/* Begin PBXBuildFile section */
		548567032CEA4588007D2EF9 /* ArticleListView.swift in Sources */ = {isa = PBXBuildFile; fileRef = 548567022CEA4588007D2EF9 /* ArticleListView.swift */; };
		548567052CEA4766007D2EF9 /* BrowserView.swift in Sources */ = {isa = PBXBuildFile; fileRef = 548567042CEA4766007D2EF9 /* BrowserView.swift */; };
		548567072CEA59D2007D2EF9 /* ArticlesViewModel.swift in Sources */ = {isa = PBXBuildFile; fileRef = 548567062CEA59D2007D2EF9 /* ArticlesViewModel.swift */; };
		548567092CEA7B04007D2EF9 /* NewsTabView.swift in Sources */ = {isa = PBXBuildFile; fileRef = 548567082CEA7B04007D2EF9 /* NewsTabView.swift */; };
		5485670B2CEA80BF007D2EF9 /* BookmarkView.swift in Sources */ = {isa = PBXBuildFile; fileRef = 5485670A2CEA80BF007D2EF9 /* BookmarkView.swift */; };
		5485670D2CEA80DE007D2EF9 /* BookmarkViewModel.swift in Sources */ = {isa = PBXBuildFile; fileRef = 5485670C2CEA80DE007D2EF9 /* BookmarkViewModel.swift */; };
		5485670F2CEA820C007D2EF9 /* BookmarkManager.swift in Sources */ = {isa = PBXBuildFile; fileRef = 5485670E2CEA820C007D2EF9 /* BookmarkManager.swift */; };
		54C5D84B2CE8A10E005B8AAD /* NewsReaderApp.swift in Sources */ = {isa = PBXBuildFile; fileRef = 54C5D84A2CE8A10E005B8AAD /* NewsReaderApp.swift */; };
		54C5D84D2CE8A10E005B8AAD /* ContentView.swift in Sources */ = {isa = PBXBuildFile; fileRef = 54C5D84C2CE8A10E005B8AAD /* ContentView.swift */; };
		54C5D84F2CE8A110005B8AAD /* Assets.xcassets in Resources */ = {isa = PBXBuildFile; fileRef = 54C5D84E2CE8A110005B8AAD /* Assets.xcassets */; };
		54C5D8522CE8A110005B8AAD /* Preview Assets.xcassets in Resources */ = {isa = PBXBuildFile; fileRef = 54C5D8512CE8A110005B8AAD /* Preview Assets.xcassets */; };
		54C5D85C2CE8A110005B8AAD /* NewsReaderTests.swift in Sources */ = {isa = PBXBuildFile; fileRef = 54C5D85B2CE8A110005B8AAD /* NewsReaderTests.swift */; };
		54C5D8662CE8A110005B8AAD /* NewsReaderUITests.swift in Sources */ = {isa = PBXBuildFile; fileRef = 54C5D8652CE8A110005B8AAD /* NewsReaderUITests.swift */; };
		54C5D8682CE8A110005B8AAD /* NewsReaderUITestsLaunchTests.swift in Sources */ = {isa = PBXBuildFile; fileRef = 54C5D8672CE8A110005B8AAD /* NewsReaderUITestsLaunchTests.swift */; };
		54C5D8772CE8D8D0005B8AAD /* news.json in Resources */ = {isa = PBXBuildFile; fileRef = 54C5D8762CE8D8D0005B8AAD /* news.json */; };
		54C5D8792CE8D8F6005B8AAD /* Article.swift in Sources */ = {isa = PBXBuildFile; fileRef = 54C5D8782CE8D8F6005B8AAD /* Article.swift */; };
		54C5D87B2CE91900005B8AAD /* APIEndpoint.swift in Sources */ = {isa = PBXBuildFile; fileRef = 54C5D87A2CE91900005B8AAD /* APIEndpoint.swift */; };
		54C5D87D2CE91999005B8AAD /* NetworkManager.swift in Sources */ = {isa = PBXBuildFile; fileRef = 54C5D87C2CE91999005B8AAD /* NetworkManager.swift */; };
		54C5D87F2CE9BC44005B8AAD /* Config.swift in Sources */ = {isa = PBXBuildFile; fileRef = 54C5D87E2CE9BC44005B8AAD /* Config.swift */; };
		54C5D8842CEA0F1C005B8AAD /* ArticleRowView.swift in Sources */ = {isa = PBXBuildFile; fileRef = 54C5D8832CEA0F1C005B8AAD /* ArticleRowView.swift */; };
		54C5D8862CEA1358005B8AAD /* NetworkError.swift in Sources */ = {isa = PBXBuildFile; fileRef = 54C5D8852CEA1358005B8AAD /* NetworkError.swift */; };
/* End PBXBuildFile section */

/* Begin PBXContainerItemProxy section */
		54C5D8582CE8A110005B8AAD /* PBXContainerItemProxy */ = {
			isa = PBXContainerItemProxy;
			containerPortal = 54C5D83F2CE8A10E005B8AAD /* Project object */;
			proxyType = 1;
			remoteGlobalIDString = 54C5D8462CE8A10E005B8AAD;
			remoteInfo = NewsReader;
		};
		54C5D8622CE8A110005B8AAD /* PBXContainerItemProxy */ = {
			isa = PBXContainerItemProxy;
			containerPortal = 54C5D83F2CE8A10E005B8AAD /* Project object */;
			proxyType = 1;
			remoteGlobalIDString = 54C5D8462CE8A10E005B8AAD;
			remoteInfo = NewsReader;
		};
/* End PBXContainerItemProxy section */

/* Begin PBXFileReference section */
		541F115B2CEA1BAE00A21F74 /* Info.plist */ = {isa = PBXFileReference; lastKnownFileType = text.plist; path = Info.plist; sourceTree = "<group>"; };
		548567022CEA4588007D2EF9 /* ArticleListView.swift */ = {isa = PBXFileReference; lastKnownFileType = sourcecode.swift; path = ArticleListView.swift; sourceTree = "<group>"; };
		548567042CEA4766007D2EF9 /* BrowserView.swift */ = {isa = PBXFileReference; lastKnownFileType = sourcecode.swift; path = BrowserView.swift; sourceTree = "<group>"; };
		548567062CEA59D2007D2EF9 /* ArticlesViewModel.swift */ = {isa = PBXFileReference; lastKnownFileType = sourcecode.swift; path = ArticlesViewModel.swift; sourceTree = "<group>"; };
		548567082CEA7B04007D2EF9 /* NewsTabView.swift */ = {isa = PBXFileReference; lastKnownFileType = sourcecode.swift; path = NewsTabView.swift; sourceTree = "<group>"; };
		5485670A2CEA80BF007D2EF9 /* BookmarkView.swift */ = {isa = PBXFileReference; lastKnownFileType = sourcecode.swift; path = BookmarkView.swift; sourceTree = "<group>"; };
		5485670C2CEA80DE007D2EF9 /* BookmarkViewModel.swift */ = {isa = PBXFileReference; lastKnownFileType = sourcecode.swift; path = BookmarkViewModel.swift; sourceTree = "<group>"; };
		5485670E2CEA820C007D2EF9 /* BookmarkManager.swift */ = {isa = PBXFileReference; lastKnownFileType = sourcecode.swift; path = BookmarkManager.swift; sourceTree = "<group>"; };
		54C5D8472CE8A10E005B8AAD /* NewsReader.app */ = {isa = PBXFileReference; explicitFileType = wrapper.application; includeInIndex = 0; path = NewsReader.app; sourceTree = BUILT_PRODUCTS_DIR; };
		54C5D84A2CE8A10E005B8AAD /* NewsReaderApp.swift */ = {isa = PBXFileReference; lastKnownFileType = sourcecode.swift; path = NewsReaderApp.swift; sourceTree = "<group>"; };
		54C5D84C2CE8A10E005B8AAD /* ContentView.swift */ = {isa = PBXFileReference; lastKnownFileType = sourcecode.swift; path = ContentView.swift; sourceTree = "<group>"; };
		54C5D84E2CE8A110005B8AAD /* Assets.xcassets */ = {isa = PBXFileReference; lastKnownFileType = folder.assetcatalog; path = Assets.xcassets; sourceTree = "<group>"; };
		54C5D8512CE8A110005B8AAD /* Preview Assets.xcassets */ = {isa = PBXFileReference; lastKnownFileType = folder.assetcatalog; path = "Preview Assets.xcassets"; sourceTree = "<group>"; };
		54C5D8572CE8A110005B8AAD /* NewsReaderTests.xctest */ = {isa = PBXFileReference; explicitFileType = wrapper.cfbundle; includeInIndex = 0; path = NewsReaderTests.xctest; sourceTree = BUILT_PRODUCTS_DIR; };
		54C5D85B2CE8A110005B8AAD /* NewsReaderTests.swift */ = {isa = PBXFileReference; lastKnownFileType = sourcecode.swift; path = NewsReaderTests.swift; sourceTree = "<group>"; };
		54C5D8612CE8A110005B8AAD /* NewsReaderUITests.xctest */ = {isa = PBXFileReference; explicitFileType = wrapper.cfbundle; includeInIndex = 0; path = NewsReaderUITests.xctest; sourceTree = BUILT_PRODUCTS_DIR; };
		54C5D8652CE8A110005B8AAD /* NewsReaderUITests.swift */ = {isa = PBXFileReference; lastKnownFileType = sourcecode.swift; path = NewsReaderUITests.swift; sourceTree = "<group>"; };
		54C5D8672CE8A110005B8AAD /* NewsReaderUITestsLaunchTests.swift */ = {isa = PBXFileReference; lastKnownFileType = sourcecode.swift; path = NewsReaderUITestsLaunchTests.swift; sourceTree = "<group>"; };
		54C5D8762CE8D8D0005B8AAD /* news.json */ = {isa = PBXFileReference; lastKnownFileType = text.json; path = news.json; sourceTree = "<group>"; };
		54C5D8782CE8D8F6005B8AAD /* Article.swift */ = {isa = PBXFileReference; lastKnownFileType = sourcecode.swift; path = Article.swift; sourceTree = "<group>"; };
		54C5D87A2CE91900005B8AAD /* APIEndpoint.swift */ = {isa = PBXFileReference; lastKnownFileType = sourcecode.swift; path = APIEndpoint.swift; sourceTree = "<group>"; };
		54C5D87C2CE91999005B8AAD /* NetworkManager.swift */ = {isa = PBXFileReference; lastKnownFileType = sourcecode.swift; path = NetworkManager.swift; sourceTree = "<group>"; };
		54C5D87E2CE9BC44005B8AAD /* Config.swift */ = {isa = PBXFileReference; lastKnownFileType = sourcecode.swift; path = Config.swift; sourceTree = "<group>"; };
		54C5D8832CEA0F1C005B8AAD /* ArticleRowView.swift */ = {isa = PBXFileReference; lastKnownFileType = sourcecode.swift; path = ArticleRowView.swift; sourceTree = "<group>"; };
		54C5D8852CEA1358005B8AAD /* NetworkError.swift */ = {isa = PBXFileReference; lastKnownFileType = sourcecode.swift; path = NetworkError.swift; sourceTree = "<group>"; };
/* End PBXFileReference section */

/* Begin PBXFrameworksBuildPhase section */
		54C5D8442CE8A10E005B8AAD /* Frameworks */ = {
			isa = PBXFrameworksBuildPhase;
			buildActionMask = 2147483647;
			files = (
			);
			runOnlyForDeploymentPostprocessing = 0;
		};
		54C5D8542CE8A110005B8AAD /* Frameworks */ = {
			isa = PBXFrameworksBuildPhase;
			buildActionMask = 2147483647;
			files = (
			);
			runOnlyForDeploymentPostprocessing = 0;
		};
		54C5D85E2CE8A110005B8AAD /* Frameworks */ = {
			isa = PBXFrameworksBuildPhase;
			buildActionMask = 2147483647;
			files = (
			);
			runOnlyForDeploymentPostprocessing = 0;
		};
/* End PBXFrameworksBuildPhase section */

/* Begin PBXGroup section */
		54C5D83E2CE8A10E005B8AAD = {
			isa = PBXGroup;
			children = (
				54C5D8492CE8A10E005B8AAD /* NewsReader */,
				54C5D85A2CE8A110005B8AAD /* NewsReaderTests */,
				54C5D8642CE8A110005B8AAD /* NewsReaderUITests */,
				54C5D8482CE8A10E005B8AAD /* Products */,
			);
			sourceTree = "<group>";
		};
		54C5D8482CE8A10E005B8AAD /* Products */ = {
			isa = PBXGroup;
			children = (
				54C5D8472CE8A10E005B8AAD /* NewsReader.app */,
				54C5D8572CE8A110005B8AAD /* NewsReaderTests.xctest */,
				54C5D8612CE8A110005B8AAD /* NewsReaderUITests.xctest */,
			);
			name = Products;
			sourceTree = "<group>";
		};
		54C5D8492CE8A10E005B8AAD /* NewsReader */ = {
			isa = PBXGroup;
			children = (
				541F115B2CEA1BAE00A21F74 /* Info.plist */,
				54C5D8802CEA0EED005B8AAD /* Views */,
				54C5D87C2CE91999005B8AAD /* NetworkManager.swift */,
				54C5D8752CE8D48C005B8AAD /* ViewModels */,
				54C5D8742CE8D485005B8AAD /* Models */,
				54C5D84A2CE8A10E005B8AAD /* NewsReaderApp.swift */,
				54C5D84C2CE8A10E005B8AAD /* ContentView.swift */,
				54C5D84E2CE8A110005B8AAD /* Assets.xcassets */,
				54C5D8502CE8A110005B8AAD /* Preview Content */,
				54C5D8762CE8D8D0005B8AAD /* news.json */,
				54C5D87A2CE91900005B8AAD /* APIEndpoint.swift */,
				54C5D87E2CE9BC44005B8AAD /* Config.swift */,
				54C5D8852CEA1358005B8AAD /* NetworkError.swift */,
				5485670E2CEA820C007D2EF9 /* BookmarkManager.swift */,
			);
			path = NewsReader;
			sourceTree = "<group>";
		};
		54C5D8502CE8A110005B8AAD /* Preview Content */ = {
			isa = PBXGroup;
			children = (
				54C5D8512CE8A110005B8AAD /* Preview Assets.xcassets */,
			);
			path = "Preview Content";
			sourceTree = "<group>";
		};
		54C5D85A2CE8A110005B8AAD /* NewsReaderTests */ = {
			isa = PBXGroup;
			children = (
				54C5D85B2CE8A110005B8AAD /* NewsReaderTests.swift */,
			);
			path = NewsReaderTests;
			sourceTree = "<group>";
		};
		54C5D8642CE8A110005B8AAD /* NewsReaderUITests */ = {
			isa = PBXGroup;
			children = (
				54C5D8652CE8A110005B8AAD /* NewsReaderUITests.swift */,
				54C5D8672CE8A110005B8AAD /* NewsReaderUITestsLaunchTests.swift */,
			);
			path = NewsReaderUITests;
			sourceTree = "<group>";
		};
		54C5D8742CE8D485005B8AAD /* Models */ = {
			isa = PBXGroup;
			children = (
				54C5D8782CE8D8F6005B8AAD /* Article.swift */,
			);
			path = Models;
			sourceTree = "<group>";
		};
		54C5D8752CE8D48C005B8AAD /* ViewModels */ = {
			isa = PBXGroup;
			children = (
				548567062CEA59D2007D2EF9 /* ArticlesViewModel.swift */,
				5485670C2CEA80DE007D2EF9 /* BookmarkViewModel.swift */,
			);
			path = ViewModels;
			sourceTree = "<group>";
		};
		54C5D8802CEA0EED005B8AAD /* Views */ = {
			isa = PBXGroup;
			children = (
				54C5D8832CEA0F1C005B8AAD /* ArticleRowView.swift */,
				548567022CEA4588007D2EF9 /* ArticleListView.swift */,
				548567042CEA4766007D2EF9 /* BrowserView.swift */,
				548567082CEA7B04007D2EF9 /* NewsTabView.swift */,
				5485670A2CEA80BF007D2EF9 /* BookmarkView.swift */,
			);
			path = Views;
			sourceTree = "<group>";
		};
/* End PBXGroup section */

/* Begin PBXNativeTarget section */
		54C5D8462CE8A10E005B8AAD /* NewsReader */ = {
			isa = PBXNativeTarget;
			buildConfigurationList = 54C5D86B2CE8A110005B8AAD /* Build configuration list for PBXNativeTarget "NewsReader" */;
			buildPhases = (
				54C5D8432CE8A10E005B8AAD /* Sources */,
				54C5D8442CE8A10E005B8AAD /* Frameworks */,
				54C5D8452CE8A10E005B8AAD /* Resources */,
			);
			buildRules = (
			);
			dependencies = (
			);
			name = NewsReader;
			productName = NewsReader;
			productReference = 54C5D8472CE8A10E005B8AAD /* NewsReader.app */;
			productType = "com.apple.product-type.application";
		};
		54C5D8562CE8A110005B8AAD /* NewsReaderTests */ = {
			isa = PBXNativeTarget;
			buildConfigurationList = 54C5D86E2CE8A110005B8AAD /* Build configuration list for PBXNativeTarget "NewsReaderTests" */;
			buildPhases = (
				54C5D8532CE8A110005B8AAD /* Sources */,
				54C5D8542CE8A110005B8AAD /* Frameworks */,
				54C5D8552CE8A110005B8AAD /* Resources */,
			);
			buildRules = (
			);
			dependencies = (
				54C5D8592CE8A110005B8AAD /* PBXTargetDependency */,
			);
			name = NewsReaderTests;
			productName = NewsReaderTests;
			productReference = 54C5D8572CE8A110005B8AAD /* NewsReaderTests.xctest */;
			productType = "com.apple.product-type.bundle.unit-test";
		};
		54C5D8602CE8A110005B8AAD /* NewsReaderUITests */ = {
			isa = PBXNativeTarget;
			buildConfigurationList = 54C5D8712CE8A110005B8AAD /* Build configuration list for PBXNativeTarget "NewsReaderUITests" */;
			buildPhases = (
				54C5D85D2CE8A110005B8AAD /* Sources */,
				54C5D85E2CE8A110005B8AAD /* Frameworks */,
				54C5D85F2CE8A110005B8AAD /* Resources */,
			);
			buildRules = (
			);
			dependencies = (
				54C5D8632CE8A110005B8AAD /* PBXTargetDependency */,
			);
			name = NewsReaderUITests;
			productName = NewsReaderUITests;
			productReference = 54C5D8612CE8A110005B8AAD /* NewsReaderUITests.xctest */;
			productType = "com.apple.product-type.bundle.ui-testing";
		};
/* End PBXNativeTarget section */

/* Begin PBXProject section */
		54C5D83F2CE8A10E005B8AAD /* Project object */ = {
			isa = PBXProject;
			attributes = {
				BuildIndependentTargetsInParallel = 1;
				LastSwiftUpdateCheck = 1530;
				LastUpgradeCheck = 1530;
				TargetAttributes = {
					54C5D8462CE8A10E005B8AAD = {
						CreatedOnToolsVersion = 15.3;
					};
					54C5D8562CE8A110005B8AAD = {
						CreatedOnToolsVersion = 15.3;
						TestTargetID = 54C5D8462CE8A10E005B8AAD;
					};
					54C5D8602CE8A110005B8AAD = {
						CreatedOnToolsVersion = 15.3;
						TestTargetID = 54C5D8462CE8A10E005B8AAD;
					};
				};
			};
			buildConfigurationList = 54C5D8422CE8A10E005B8AAD /* Build configuration list for PBXProject "NewsReader" */;
			compatibilityVersion = "Xcode 14.0";
			developmentRegion = en;
			hasScannedForEncodings = 0;
			knownRegions = (
				en,
				Base,
			);
			mainGroup = 54C5D83E2CE8A10E005B8AAD;
			productRefGroup = 54C5D8482CE8A10E005B8AAD /* Products */;
			projectDirPath = "";
			projectRoot = "";
			targets = (
				54C5D8462CE8A10E005B8AAD /* NewsReader */,
				54C5D8562CE8A110005B8AAD /* NewsReaderTests */,
				54C5D8602CE8A110005B8AAD /* NewsReaderUITests */,
			);
		};
/* End PBXProject section */

/* Begin PBXResourcesBuildPhase section */
		54C5D8452CE8A10E005B8AAD /* Resources */ = {
			isa = PBXResourcesBuildPhase;
			buildActionMask = 2147483647;
			files = (
				54C5D8772CE8D8D0005B8AAD /* news.json in Resources */,
				54C5D8522CE8A110005B8AAD /* Preview Assets.xcassets in Resources */,
				54C5D84F2CE8A110005B8AAD /* Assets.xcassets in Resources */,
			);
			runOnlyForDeploymentPostprocessing = 0;
		};
		54C5D8552CE8A110005B8AAD /* Resources */ = {
			isa = PBXResourcesBuildPhase;
			buildActionMask = 2147483647;
			files = (
			);
			runOnlyForDeploymentPostprocessing = 0;
		};
		54C5D85F2CE8A110005B8AAD /* Resources */ = {
			isa = PBXResourcesBuildPhase;
			buildActionMask = 2147483647;
			files = (
			);
			runOnlyForDeploymentPostprocessing = 0;
		};
/* End PBXResourcesBuildPhase section */

/* Begin PBXSourcesBuildPhase section */
		54C5D8432CE8A10E005B8AAD /* Sources */ = {
			isa = PBXSourcesBuildPhase;
			buildActionMask = 2147483647;
			files = (
				54C5D84D2CE8A10E005B8AAD /* ContentView.swift in Sources */,
				54C5D8862CEA1358005B8AAD /* NetworkError.swift in Sources */,
				5485670F2CEA820C007D2EF9 /* BookmarkManager.swift in Sources */,
				548567072CEA59D2007D2EF9 /* ArticlesViewModel.swift in Sources */,
				548567092CEA7B04007D2EF9 /* NewsTabView.swift in Sources */,
				54C5D8842CEA0F1C005B8AAD /* ArticleRowView.swift in Sources */,
				5485670B2CEA80BF007D2EF9 /* BookmarkView.swift in Sources */,
				548567052CEA4766007D2EF9 /* BrowserView.swift in Sources */,
				54C5D84B2CE8A10E005B8AAD /* NewsReaderApp.swift in Sources */,
				54C5D87D2CE91999005B8AAD /* NetworkManager.swift in Sources */,
				54C5D8792CE8D8F6005B8AAD /* Article.swift in Sources */,
				5485670D2CEA80DE007D2EF9 /* BookmarkViewModel.swift in Sources */,
				54C5D87B2CE91900005B8AAD /* APIEndpoint.swift in Sources */,
				548567032CEA4588007D2EF9 /* ArticleListView.swift in Sources */,
				54C5D87F2CE9BC44005B8AAD /* Config.swift in Sources */,
			);
			runOnlyForDeploymentPostprocessing = 0;
		};
		54C5D8532CE8A110005B8AAD /* Sources */ = {
			isa = PBXSourcesBuildPhase;
			buildActionMask = 2147483647;
			files = (
				54C5D85C2CE8A110005B8AAD /* NewsReaderTests.swift in Sources */,
			);
			runOnlyForDeploymentPostprocessing = 0;
		};
		54C5D85D2CE8A110005B8AAD /* Sources */ = {
			isa = PBXSourcesBuildPhase;
			buildActionMask = 2147483647;
			files = (
				54C5D8682CE8A110005B8AAD /* NewsReaderUITestsLaunchTests.swift in Sources */,
				54C5D8662CE8A110005B8AAD /* NewsReaderUITests.swift in Sources */,
			);
			runOnlyForDeploymentPostprocessing = 0;
		};
/* End PBXSourcesBuildPhase section */

/* Begin PBXTargetDependency section */
		54C5D8592CE8A110005B8AAD /* PBXTargetDependency */ = {
			isa = PBXTargetDependency;
			target = 54C5D8462CE8A10E005B8AAD /* NewsReader */;
			targetProxy = 54C5D8582CE8A110005B8AAD /* PBXContainerItemProxy */;
		};
		54C5D8632CE8A110005B8AAD /* PBXTargetDependency */ = {
			isa = PBXTargetDependency;
			target = 54C5D8462CE8A10E005B8AAD /* NewsReader */;
			targetProxy = 54C5D8622CE8A110005B8AAD /* PBXContainerItemProxy */;
		};
/* End PBXTargetDependency section */

/* Begin XCBuildConfiguration section */
		54C5D8692CE8A110005B8AAD /* Debug */ = {
			isa = XCBuildConfiguration;
			buildSettings = {
				ALWAYS_SEARCH_USER_PATHS = NO;
				ASSETCATALOG_COMPILER_GENERATE_SWIFT_ASSET_SYMBOL_EXTENSIONS = YES;
				CLANG_ANALYZER_NONNULL = YES;
				CLANG_ANALYZER_NUMBER_OBJECT_CONVERSION = YES_AGGRESSIVE;
				CLANG_CXX_LANGUAGE_STANDARD = "gnu++20";
				CLANG_ENABLE_MODULES = YES;
				CLANG_ENABLE_OBJC_ARC = YES;
				CLANG_ENABLE_OBJC_WEAK = YES;
				CLANG_WARN_BLOCK_CAPTURE_AUTORELEASING = YES;
				CLANG_WARN_BOOL_CONVERSION = YES;
				CLANG_WARN_COMMA = YES;
				CLANG_WARN_CONSTANT_CONVERSION = YES;
				CLANG_WARN_DEPRECATED_OBJC_IMPLEMENTATIONS = YES;
				CLANG_WARN_DIRECT_OBJC_ISA_USAGE = YES_ERROR;
				CLANG_WARN_DOCUMENTATION_COMMENTS = YES;
				CLANG_WARN_EMPTY_BODY = YES;
				CLANG_WARN_ENUM_CONVERSION = YES;
				CLANG_WARN_INFINITE_RECURSION = YES;
				CLANG_WARN_INT_CONVERSION = YES;
				CLANG_WARN_NON_LITERAL_NULL_CONVERSION = YES;
				CLANG_WARN_OBJC_IMPLICIT_RETAIN_SELF = YES;
				CLANG_WARN_OBJC_LITERAL_CONVERSION = YES;
				CLANG_WARN_OBJC_ROOT_CLASS = YES_ERROR;
				CLANG_WARN_QUOTED_INCLUDE_IN_FRAMEWORK_HEADER = YES;
				CLANG_WARN_RANGE_LOOP_ANALYSIS = YES;
				CLANG_WARN_STRICT_PROTOTYPES = YES;
				CLANG_WARN_SUSPICIOUS_MOVE = YES;
				CLANG_WARN_UNGUARDED_AVAILABILITY = YES_AGGRESSIVE;
				CLANG_WARN_UNREACHABLE_CODE = YES;
				CLANG_WARN__DUPLICATE_METHOD_MATCH = YES;
				COPY_PHASE_STRIP = NO;
				DEBUG_INFORMATION_FORMAT = dwarf;
				ENABLE_STRICT_OBJC_MSGSEND = YES;
				ENABLE_TESTABILITY = YES;
				ENABLE_USER_SCRIPT_SANDBOXING = YES;
				GCC_C_LANGUAGE_STANDARD = gnu17;
				GCC_DYNAMIC_NO_PIC = NO;
				GCC_NO_COMMON_BLOCKS = YES;
				GCC_OPTIMIZATION_LEVEL = 0;
				GCC_PREPROCESSOR_DEFINITIONS = (
					"DEBUG=1",
					"$(inherited)",
				);
				GCC_WARN_64_TO_32_BIT_CONVERSION = YES;
				GCC_WARN_ABOUT_RETURN_TYPE = YES_ERROR;
				GCC_WARN_UNDECLARED_SELECTOR = YES;
				GCC_WARN_UNINITIALIZED_AUTOS = YES_AGGRESSIVE;
				GCC_WARN_UNUSED_FUNCTION = YES;
				GCC_WARN_UNUSED_VARIABLE = YES;
				IPHONEOS_DEPLOYMENT_TARGET = 17.4;
				LOCALIZATION_PREFERS_STRING_CATALOGS = YES;
				MTL_ENABLE_DEBUG_INFO = INCLUDE_SOURCE;
				MTL_FAST_MATH = YES;
				ONLY_ACTIVE_ARCH = YES;
				SDKROOT = iphoneos;
				SWIFT_ACTIVE_COMPILATION_CONDITIONS = "DEBUG $(inherited)";
				SWIFT_OPTIMIZATION_LEVEL = "-Onone";
			};
			name = Debug;
		};
		54C5D86A2CE8A110005B8AAD /* Release */ = {
			isa = XCBuildConfiguration;
			buildSettings = {
				ALWAYS_SEARCH_USER_PATHS = NO;
				ASSETCATALOG_COMPILER_GENERATE_SWIFT_ASSET_SYMBOL_EXTENSIONS = YES;
				CLANG_ANALYZER_NONNULL = YES;
				CLANG_ANALYZER_NUMBER_OBJECT_CONVERSION = YES_AGGRESSIVE;
				CLANG_CXX_LANGUAGE_STANDARD = "gnu++20";
				CLANG_ENABLE_MODULES = YES;
				CLANG_ENABLE_OBJC_ARC = YES;
				CLANG_ENABLE_OBJC_WEAK = YES;
				CLANG_WARN_BLOCK_CAPTURE_AUTORELEASING = YES;
				CLANG_WARN_BOOL_CONVERSION = YES;
				CLANG_WARN_COMMA = YES;
				CLANG_WARN_CONSTANT_CONVERSION = YES;
				CLANG_WARN_DEPRECATED_OBJC_IMPLEMENTATIONS = YES;
				CLANG_WARN_DIRECT_OBJC_ISA_USAGE = YES_ERROR;
				CLANG_WARN_DOCUMENTATION_COMMENTS = YES;
				CLANG_WARN_EMPTY_BODY = YES;
				CLANG_WARN_ENUM_CONVERSION = YES;
				CLANG_WARN_INFINITE_RECURSION = YES;
				CLANG_WARN_INT_CONVERSION = YES;
				CLANG_WARN_NON_LITERAL_NULL_CONVERSION = YES;
				CLANG_WARN_OBJC_IMPLICIT_RETAIN_SELF = YES;
				CLANG_WARN_OBJC_LITERAL_CONVERSION = YES;
				CLANG_WARN_OBJC_ROOT_CLASS = YES_ERROR;
				CLANG_WARN_QUOTED_INCLUDE_IN_FRAMEWORK_HEADER = YES;
				CLANG_WARN_RANGE_LOOP_ANALYSIS = YES;
				CLANG_WARN_STRICT_PROTOTYPES = YES;
				CLANG_WARN_SUSPICIOUS_MOVE = YES;
				CLANG_WARN_UNGUARDED_AVAILABILITY = YES_AGGRESSIVE;
				CLANG_WARN_UNREACHABLE_CODE = YES;
				CLANG_WARN__DUPLICATE_METHOD_MATCH = YES;
				COPY_PHASE_STRIP = NO;
				DEBUG_INFORMATION_FORMAT = "dwarf-with-dsym";
				ENABLE_NS_ASSERTIONS = NO;
				ENABLE_STRICT_OBJC_MSGSEND = YES;
				ENABLE_USER_SCRIPT_SANDBOXING = YES;
				GCC_C_LANGUAGE_STANDARD = gnu17;
				GCC_NO_COMMON_BLOCKS = YES;
				GCC_WARN_64_TO_32_BIT_CONVERSION = YES;
				GCC_WARN_ABOUT_RETURN_TYPE = YES_ERROR;
				GCC_WARN_UNDECLARED_SELECTOR = YES;
				GCC_WARN_UNINITIALIZED_AUTOS = YES_AGGRESSIVE;
				GCC_WARN_UNUSED_FUNCTION = YES;
				GCC_WARN_UNUSED_VARIABLE = YES;
				IPHONEOS_DEPLOYMENT_TARGET = 17.4;
				LOCALIZATION_PREFERS_STRING_CATALOGS = YES;
				MTL_ENABLE_DEBUG_INFO = NO;
				MTL_FAST_MATH = YES;
				SDKROOT = iphoneos;
				SWIFT_COMPILATION_MODE = wholemodule;
				VALIDATE_PRODUCT = YES;
			};
			name = Release;
		};
		54C5D86C2CE8A110005B8AAD /* Debug */ = {
			isa = XCBuildConfiguration;
			buildSettings = {
				ASSETCATALOG_COMPILER_APPICON_NAME = AppIcon;
				ASSETCATALOG_COMPILER_GLOBAL_ACCENT_COLOR_NAME = AccentColor;
				CODE_SIGN_STYLE = Automatic;
				CURRENT_PROJECT_VERSION = 1;
				DEVELOPMENT_ASSET_PATHS = "\"NewsReader/Preview Content\"";
				ENABLE_PREVIEWS = YES;
				GENERATE_INFOPLIST_FILE = YES;
				INFOPLIST_FILE = NewsReader/Info.plist;
				INFOPLIST_KEY_LSApplicationCategoryType = "";
				INFOPLIST_KEY_UIApplicationSceneManifest_Generation = YES;
				INFOPLIST_KEY_UIApplicationSupportsIndirectInputEvents = YES;
				INFOPLIST_KEY_UILaunchScreen_Generation = YES;
				INFOPLIST_KEY_UISupportedInterfaceOrientations_iPad = "UIInterfaceOrientationPortrait UIInterfaceOrientationPortraitUpsideDown UIInterfaceOrientationLandscapeLeft UIInterfaceOrientationLandscapeRight";
				INFOPLIST_KEY_UISupportedInterfaceOrientations_iPhone = "UIInterfaceOrientationPortrait UIInterfaceOrientationLandscapeLeft UIInterfaceOrientationLandscapeRight";
				LD_RUNPATH_SEARCH_PATHS = (
					"$(inherited)",
					"@executable_path/Frameworks",
				);
				MARKETING_VERSION = 1.0;
				PRODUCT_BUNDLE_IDENTIFIER = com.ashu.NewsReader;
				PRODUCT_NAME = "$(TARGET_NAME)";
				SWIFT_EMIT_LOC_STRINGS = YES;
				SWIFT_VERSION = 5.0;
				TARGETED_DEVICE_FAMILY = "1,2";
			};
			name = Debug;
		};
		54C5D86D2CE8A110005B8AAD /* Release */ = {
			isa = XCBuildConfiguration;
			buildSettings = {
				ASSETCATALOG_COMPILER_APPICON_NAME = AppIcon;
				ASSETCATALOG_COMPILER_GLOBAL_ACCENT_COLOR_NAME = AccentColor;
				CODE_SIGN_STYLE = Automatic;
				CURRENT_PROJECT_VERSION = 1;
				DEVELOPMENT_ASSET_PATHS = "\"NewsReader/Preview Content\"";
				ENABLE_PREVIEWS = YES;
				GENERATE_INFOPLIST_FILE = YES;
				INFOPLIST_FILE = NewsReader/Info.plist;
				INFOPLIST_KEY_LSApplicationCategoryType = "";
				INFOPLIST_KEY_UIApplicationSceneManifest_Generation = YES;
				INFOPLIST_KEY_UIApplicationSupportsIndirectInputEvents = YES;
				INFOPLIST_KEY_UILaunchScreen_Generation = YES;
				INFOPLIST_KEY_UISupportedInterfaceOrientations_iPad = "UIInterfaceOrientationPortrait UIInterfaceOrientationPortraitUpsideDown UIInterfaceOrientationLandscapeLeft UIInterfaceOrientationLandscapeRight";
				INFOPLIST_KEY_UISupportedInterfaceOrientations_iPhone = "UIInterfaceOrientationPortrait UIInterfaceOrientationLandscapeLeft UIInterfaceOrientationLandscapeRight";
				LD_RUNPATH_SEARCH_PATHS = (
					"$(inherited)",
					"@executable_path/Frameworks",
				);
				MARKETING_VERSION = 1.0;
				PRODUCT_BUNDLE_IDENTIFIER = com.ashu.NewsReader;
				PRODUCT_NAME = "$(TARGET_NAME)";
				SWIFT_EMIT_LOC_STRINGS = YES;
				SWIFT_VERSION = 5.0;
				TARGETED_DEVICE_FAMILY = "1,2";
			};
			name = Release;
		};
		54C5D86F2CE8A110005B8AAD /* Debug */ = {
			isa = XCBuildConfiguration;
			buildSettings = {
				ALWAYS_EMBED_SWIFT_STANDARD_LIBRARIES = YES;
				BUNDLE_LOADER = "$(TEST_HOST)";
				CODE_SIGN_STYLE = Automatic;
				CURRENT_PROJECT_VERSION = 1;
				GENERATE_INFOPLIST_FILE = YES;
				IPHONEOS_DEPLOYMENT_TARGET = 17.4;
				MARKETING_VERSION = 1.0;
				PRODUCT_BUNDLE_IDENTIFIER = com.ashu.NewsReaderTests;
				PRODUCT_NAME = "$(TARGET_NAME)";
				SWIFT_EMIT_LOC_STRINGS = NO;
				SWIFT_VERSION = 5.0;
				TARGETED_DEVICE_FAMILY = "1,2";
				TEST_HOST = "$(BUILT_PRODUCTS_DIR)/NewsReader.app/$(BUNDLE_EXECUTABLE_FOLDER_PATH)/NewsReader";
			};
			name = Debug;
		};
		54C5D8702CE8A110005B8AAD /* Release */ = {
			isa = XCBuildConfiguration;
			buildSettings = {
				ALWAYS_EMBED_SWIFT_STANDARD_LIBRARIES = YES;
				BUNDLE_LOADER = "$(TEST_HOST)";
				CODE_SIGN_STYLE = Automatic;
				CURRENT_PROJECT_VERSION = 1;
				GENERATE_INFOPLIST_FILE = YES;
				IPHONEOS_DEPLOYMENT_TARGET = 17.4;
				MARKETING_VERSION = 1.0;
				PRODUCT_BUNDLE_IDENTIFIER = com.ashu.NewsReaderTests;
				PRODUCT_NAME = "$(TARGET_NAME)";
				SWIFT_EMIT_LOC_STRINGS = NO;
				SWIFT_VERSION = 5.0;
				TARGETED_DEVICE_FAMILY = "1,2";
				TEST_HOST = "$(BUILT_PRODUCTS_DIR)/NewsReader.app/$(BUNDLE_EXECUTABLE_FOLDER_PATH)/NewsReader";
			};
			name = Release;
		};
		54C5D8722CE8A110005B8AAD /* Debug */ = {
			isa = XCBuildConfiguration;
			buildSettings = {
				ALWAYS_EMBED_SWIFT_STANDARD_LIBRARIES = YES;
				CODE_SIGN_STYLE = Automatic;
				CURRENT_PROJECT_VERSION = 1;
				GENERATE_INFOPLIST_FILE = YES;
				MARKETING_VERSION = 1.0;
				PRODUCT_BUNDLE_IDENTIFIER = com.ashu.NewsReaderUITests;
				PRODUCT_NAME = "$(TARGET_NAME)";
				SWIFT_EMIT_LOC_STRINGS = NO;
				SWIFT_VERSION = 5.0;
				TARGETED_DEVICE_FAMILY = "1,2";
				TEST_TARGET_NAME = NewsReader;
			};
			name = Debug;
		};
		54C5D8732CE8A110005B8AAD /* Release */ = {
			isa = XCBuildConfiguration;
			buildSettings = {
				ALWAYS_EMBED_SWIFT_STANDARD_LIBRARIES = YES;
				CODE_SIGN_STYLE = Automatic;
				CURRENT_PROJECT_VERSION = 1;
				GENERATE_INFOPLIST_FILE = YES;
				MARKETING_VERSION = 1.0;
				PRODUCT_BUNDLE_IDENTIFIER = com.ashu.NewsReaderUITests;
				PRODUCT_NAME = "$(TARGET_NAME)";
				SWIFT_EMIT_LOC_STRINGS = NO;
				SWIFT_VERSION = 5.0;
				TARGETED_DEVICE_FAMILY = "1,2";
				TEST_TARGET_NAME = NewsReader;
			};
			name = Release;
		};
/* End XCBuildConfiguration section */

/* Begin XCConfigurationList section */
		54C5D8422CE8A10E005B8AAD /* Build configuration list for PBXProject "NewsReader" */ = {
			isa = XCConfigurationList;
			buildConfigurations = (
				54C5D8692CE8A110005B8AAD /* Debug */,
				54C5D86A2CE8A110005B8AAD /* Release */,
			);
			defaultConfigurationIsVisible = 0;
			defaultConfigurationName = Release;
		};
		54C5D86B2CE8A110005B8AAD /* Build configuration list for PBXNativeTarget "NewsReader" */ = {
			isa = XCConfigurationList;
			buildConfigurations = (
				54C5D86C2CE8A110005B8AAD /* Debug */,
				54C5D86D2CE8A110005B8AAD /* Release */,
			);
			defaultConfigurationIsVisible = 0;
			defaultConfigurationName = Release;
		};
		54C5D86E2CE8A110005B8AAD /* Build configuration list for PBXNativeTarget "NewsReaderTests" */ = {
			isa = XCConfigurationList;
			buildConfigurations = (
				54C5D86F2CE8A110005B8AAD /* Debug */,
				54C5D8702CE8A110005B8AAD /* Release */,
			);
			defaultConfigurationIsVisible = 0;
			defaultConfigurationName = Release;
		};
		54C5D8712CE8A110005B8AAD /* Build configuration list for PBXNativeTarget "NewsReaderUITests" */ = {
			isa = XCConfigurationList;
			buildConfigurations = (
				54C5D8722CE8A110005B8AAD /* Debug */,
				54C5D8732CE8A110005B8AAD /* Release */,
			);
			defaultConfigurationIsVisible = 0;
			defaultConfigurationName = Release;
		};
/* End XCConfigurationList section */
	};
	rootObject = 54C5D83F2CE8A10E005B8AAD /* Project object */;
}
